{
  "version": 4,
  "terraform_version": "1.13.4",
  "serial": 6,
  "lineage": "e0bc9553-be70-70ef-0835-463ae647bf13",
  "outputs": {
    "my-vm-public-ip": {
      "value": "13.222.128.231",
      "type": "string"
    }
  },
  "resources": [
    {
      "mode": "managed",
      "type": "aws_instance",
      "name": "example",
      "provider": "provider[\"registry.terraform.io/hashicorp/aws\"]",
      "instances": [
        {
          "schema_version": 2,
          "attributes": {
            "ami": "ami-0cae6d6fe6048ca2c",
            "arn": "arn:aws:ec2:us-east-1:992382386705:instance/i-008b540f17a2aa8a4",
            "associate_public_ip_address": true,
            "availability_zone": "us-east-1d",
            "capacity_reservation_specification": [
              {
                "capacity_reservation_preference": "open",
                "capacity_reservation_target": []
              }
            ],
            "cpu_options": [
              {
                "amd_sev_snp": "",
                "core_count": 1,
                "threads_per_core": 1
              }
            ],
            "credit_specification": [
              {
                "cpu_credits": "standard"
              }
            ],
            "disable_api_stop": false,
            "disable_api_termination": false,
            "ebs_block_device": [],
            "ebs_optimized": false,
            "enable_primary_ipv6": null,
            "enclave_options": [
              {
                "enabled": false
              }
            ],
            "ephemeral_block_device": [],
            "force_destroy": false,
            "get_password_data": false,
            "hibernation": false,
            "host_id": "",
            "host_resource_group_arn": null,
            "iam_instance_profile": "",
            "id": "i-008b540f17a2aa8a4",
            "instance_initiated_shutdown_behavior": "stop",
            "instance_lifecycle": "",
            "instance_market_options": [],
            "instance_state": "running",
            "instance_type": "t2.nano",
            "ipv6_address_count": 0,
            "ipv6_addresses": [],
            "key_name": "",
            "launch_template": [],
            "maintenance_options": [
              {
                "auto_recovery": "default"
              }
            ],
            "metadata_options": [
              {
                "http_endpoint": "enabled",
                "http_protocol_ipv6": "disabled",
                "http_put_response_hop_limit": 2,
                "http_tokens": "required",
                "instance_metadata_tags": "disabled"
              }
            ],
            "monitoring": false,
            "network_interface": [],
            "outpost_arn": "",
            "password_data": "",
            "placement_group": "",
            "placement_group_id": "",
            "placement_partition_number": 0,
            "primary_network_interface": [
              {
                "delete_on_termination": true,
                "network_interface_id": "eni-01a32b3b09e59aeea"
              }
            ],
            "primary_network_interface_id": "eni-01a32b3b09e59aeea",
            "private_dns": "ip-172-31-23-186.ec2.internal",
            "private_dns_name_options": [
              {
                "enable_resource_name_dns_a_record": false,
                "enable_resource_name_dns_aaaa_record": false,
                "hostname_type": "ip-name"
              }
            ],
            "private_ip": "172.31.23.186",
            "public_dns": "ec2-13-222-128-231.compute-1.amazonaws.com",
            "public_ip": "13.222.128.231",
            "region": "us-east-1",
            "root_block_device": [
              {
                "delete_on_termination": true,
                "device_name": "/dev/xvda",
                "encrypted": false,
                "iops": 3000,
                "kms_key_id": "",
                "tags": {},
                "tags_all": {},
                "throughput": 125,
                "volume_id": "vol-04ecd752cc6baac24",
                "volume_size": 8,
                "volume_type": "gp3"
              }
            ],
            "secondary_private_ips": [],
            "security_groups": [
              "default"
            ],
            "source_dest_check": true,
            "spot_instance_request_id": "",
            "subnet_id": "subnet-0f9867f363a96b790",
            "tags": {
              "Name": "Shiv-vm-newname-final-2"
            },
            "tags_all": {
              "Name": "Shiv-vm-newname-final-2"
            },
            "tenancy": "default",
            "timeouts": null,
            "user_data": null,
            "user_data_base64": null,
            "user_data_replace_on_change": false,
            "volume_tags": null,
            "vpc_security_group_ids": [
              "sg-07138df2e19c406e4"
            ]
          },
          "sensitive_attributes": [],
          "identity_schema_version": 0,
          "identity": {
            "account_id": "992382386705",
            "id": "i-008b540f17a2aa8a4",
            "region": "us-east-1"
          },
          "private": "eyJlMmJmYjczMC1lY2FhLTExZTYtOGY4OC0zNDM2M2JjN2M0YzAiOnsiY3JlYXRlIjo2MDAwMDAwMDAwMDAsImRlbGV0ZSI6MTIwMDAwMDAwMDAwMCwicmVhZCI6OTAwMDAwMDAwMDAwLCJ1cGRhdGUiOjYwMDAwMDAwMDAwMH0sInNjaGVtYV92ZXJzaW9uIjoiMiJ9"
        }
      ]
    },
    {
      "mode": "managed",
      "type": "local_file",
      "name": "mypubip",
      "provider": "provider[\"registry.terraform.io/hashicorp/local\"]",
      "instances": [
        {
          "schema_version": 0,
          "attributes": {
            "content": "13.222.128.231",
            "content_base64": null,
            "content_base64sha256": "esgC3OUx1HOMT1cQlTmyN3d5GvZTzfj7aHILLtC/qLY=",
            "content_base64sha512": "+1yNGfOcBF8JcvQ4GvXfXyVs1KwktlGIv5JCOaOpJ114g9Thw2pXNS8hf4Uhfv5e4CgAWhaGlxn4JeHVmfp+OA==",
            "content_md5": "ee518508333976d445becc93d1d915cc",
            "content_sha1": "964de3fc17b46a4480491c757cef844d95e7bea2",
            "content_sha256": "7ac802dce531d4738c4f57109539b23777791af653cdf8fb68720b2ed0bfa8b6",
            "content_sha512": "fb5c8d19f39c045f0972f4381af5df5f256cd4ac24b65188bf924239a3a9275d7883d4e1c36a57352f217f85217efe5ee028005a16869719f825e1d599fa7e38",
            "directory_permission": "0777",
            "file_permission": "0777",
            "filename": "./myip.txt",
            "id": "964de3fc17b46a4480491c757cef844d95e7bea2",
            "sensitive_content": null,
            "source": null
          },
          "sensitive_attributes": [
            [
              {
                "type": "get_attr",
                "value": "sensitive_content"
              }
            ]
          ],
          "identity_schema_version": 0,
          "dependencies": [
            "aws_instance.example"
          ]
        }
      ]
    }
  ],
  "check_results": null
}
